
Microsoft Visual Studio Solution File, Format Version 12.00
# Visual Studio 15
VisualStudioVersion = 15.0.27130.2027
MinimumVisualStudioVersion = 10.0.40219.1
Project("{FAE04EC0-301F-11D3-BF4B-00C04F79EFBC}") = "Kirja luokka", "Kirja luokka\Kirja luokka.csproj", "{C2A5AE1B-4301-4A53-BFCC-8D5315A5DDDC}"
EndProject
Global
	GlobalSection(SolutionConfigurationPlatforms) = preSolution
		Debug|Any CPU = Debug|Any CPU
		Release|Any CPU = Release|Any CPU
	EndGlobalSection
	GlobalSection(ProjectConfigurationPlatforms) = postSolution
		{C2A5AE1B-4301-4A53-BFCC-8D5315A5DDDC}.Debug|Any CPU.ActiveCfg = Debug|Any CPU
		{C2A5AE1B-4301-4A53-BFCC-8D5315A5DDDC}.Debug|Any CPU.Build.0 = Debug|Any CPU
		{C2A5AE1B-4301-4A53-BFCC-8D5315A5DDDC}.Release|Any CPU.ActiveCfg = Release|Any CPU
		{C2A5AE1B-4301-4A53-BFCC-8D5315A5DDDC}.Release|Any CPU.Build.0 = Release|Any CPU
	EndGlobalSection
	GlobalSection(SolutionProperties) = preSolution
		HideSolutionNode = FALSE
	EndGlobalSection
	GlobalSection(ExtensibilityGlobals) = postSolution
		SolutionGuid = {C30D8B43-F145-473C-95FF-485743ED3221}
	EndGlobalSection
EndGlobal
